// !$*UTF8*$!
{
	archiveVersion = 1;
	classes = {
	};
	objectVersion = 46;
	objects = {

/* Begin PBXBuildFile section */
		A50241F91AFC4F6B00313557 /* main.m in Sources */ = {isa = PBXBuildFile; fileRef = A50241F81AFC4F6B00313557 /* main.m */; };
		A50241FC1AFC4F6B00313557 /* AppDelegate.m in Sources */ = {isa = PBXBuildFile; fileRef = A50241FB1AFC4F6B00313557 /* AppDelegate.m */; };
		A50241FF1AFC4F6B00313557 /* ViewController.m in Sources */ = {isa = PBXBuildFile; fileRef = A50241FE1AFC4F6B00313557 /* ViewController.m */; };
		A50242021AFC4F6B00313557 /* Main.storyboard in Resources */ = {isa = PBXBuildFile; fileRef = A50242001AFC4F6B00313557 /* Main.storyboard */; };
		A50242041AFC4F6B00313557 /* Images.xcassets in Resources */ = {isa = PBXBuildFile; fileRef = A50242031AFC4F6B00313557 /* Images.xcassets */; };
		A50242071AFC4F6B00313557 /* LaunchScreen.xib in Resources */ = {isa = PBXBuildFile; fileRef = A50242051AFC4F6B00313557 /* LaunchScreen.xib */; };
		A50242131AFC4F6B00313557 /* BookChainTests.m in Sources */ = {isa = PBXBuildFile; fileRef = A50242121AFC4F6B00313557 /* BookChainTests.m */; };
		A502421F1AFC52A500313557 /* LeonardosSketchBook.png in Resources */ = {isa = PBXBuildFile; fileRef = A502421E1AFC52A500313557 /* LeonardosSketchBook.png */; };
		A50242211AFC537C00313557 /* flogin.png in Resources */ = {isa = PBXBuildFile; fileRef = A50242201AFC537C00313557 /* flogin.png */; };
/* End PBXBuildFile section */

/* Begin PBXContainerItemProxy section */
		A502420D1AFC4F6B00313557 /* PBXContainerItemProxy */ = {
			isa = PBXContainerItemProxy;
			containerPortal = A50241EB1AFC4F6B00313557 /* Project object */;
			proxyType = 1;
			remoteGlobalIDString = A50241F21AFC4F6B00313557;
			remoteInfo = BookChain;
		};
/* End PBXContainerItemProxy section */

/* Begin PBXFileReference section */
		A50241F31AFC4F6B00313557 /* BookChain.app */ = {isa = PBXFileReference; explicitFileType = wrapper.application; includeInIndex = 0; path = BookChain.app; sourceTree = BUILT_PRODUCTS_DIR; };
		A50241F71AFC4F6B00313557 /* Info.plist */ = {isa = PBXFileReference; lastKnownFileType = text.plist.xml; path = Info.plist; sourceTree = "<group>"; };
		A50241F81AFC4F6B00313557 /* main.m */ = {isa = PBXFileReference; lastKnownFileType = sourcecode.c.objc; path = main.m; sourceTree = "<group>"; };
		A50241FA1AFC4F6B00313557 /* AppDelegate.h */ = {isa = PBXFileReference; lastKnownFileType = sourcecode.c.h; path = AppDelegate.h; sourceTree = "<group>"; };
		A50241FB1AFC4F6B00313557 /* AppDelegate.m */ = {isa = PBXFileReference; lastKnownFileType = sourcecode.c.objc; path = AppDelegate.m; sourceTree = "<group>"; };
		A50241FD1AFC4F6B00313557 /* ViewController.h */ = {isa = PBXFileReference; lastKnownFileType = sourcecode.c.h; path = ViewController.h; sourceTree = "<group>"; };
		A50241FE1AFC4F6B00313557 /* ViewController.m */ = {isa = PBXFileReference; lastKnownFileType = sourcecode.c.objc; path = ViewController.m; sourceTree = "<group>"; };
		A50242011AFC4F6B00313557 /* Base */ = {isa = PBXFileReference; lastKnownFileType = file.storyboard; name = Base; path = Base.lproj/Main.storyboard; sourceTree = "<group>"; };
		A50242031AFC4F6B00313557 /* Images.xcassets */ = {isa = PBXFileReference; lastKnownFileType = folder.assetcatalog; path = Images.xcassets; sourceTree = "<group>"; };
		A50242061AFC4F6B00313557 /* Base */ = {isa = PBXFileReference; lastKnownFileType = file.xib; name = Base; path = Base.lproj/LaunchScreen.xib; sourceTree = "<group>"; };
		A502420C1AFC4F6B00313557 /* BookChainTests.xctest */ = {isa = PBXFileReference; explicitFileType = wrapper.cfbundle; includeInIndex = 0; path = BookChainTests.xctest; sourceTree = BUILT_PRODUCTS_DIR; };
		A50242111AFC4F6B00313557 /* Info.plist */ = {isa = PBXFileReference; lastKnownFileType = text.plist.xml; path = Info.plist; sourceTree = "<group>"; };
		A50242121AFC4F6B00313557 /* BookChainTests.m */ = {isa = PBXFileReference; lastKnownFileType = sourcecode.c.objc; path = BookChainTests.m; sourceTree = "<group>"; };
		A502421E1AFC52A500313557 /* LeonardosSketchBook.png */ = {isa = PBXFileReference; lastKnownFileType = image.png; path = LeonardosSketchBook.png; sourceTree = "<group>"; };
		A50242201AFC537C00313557 /* flogin.png */ = {isa = PBXFileReference; lastKnownFileType = image.png; path = flogin.png; sourceTree = "<group>"; };
/* End PBXFileReference section */

/* Begin PBXFrameworksBuildPhase section */
		A50241F01AFC4F6B00313557 /* Frameworks */ = {
			isa = PBXFrameworksBuildPhase;
			buildActionMask = 2147483647;
			files = (
			);
			runOnlyForDeploymentPostprocessing = 0;
		};
		A50242091AFC4F6B00313557 /* Frameworks */ = {
			isa = PBXFrameworksBuildPhase;
			buildActionMask = 2147483647;
			files = (
			);
			runOnlyForDeploymentPostprocessing = 0;
		};
/* End PBXFrameworksBuildPhase section */

/* Begin PBXGroup section */
		A50241EA1AFC4F6B00313557 = {
			isa = PBXGroup;
			children = (
				A50241F51AFC4F6B00313557 /* BookChain */,
				A502420F1AFC4F6B00313557 /* BookChainTests */,
				A50241F41AFC4F6B00313557 /* Products */,
				A502421E1AFC52A500313557 /* LeonardosSketchBook.png */,
				A50242201AFC537C00313557 /* flogin.png */,
			);
			sourceTree = "<group>";
		};
		A50241F41AFC4F6B00313557 /* Products */ = {
			isa = PBXGroup;
			children = (
				A50241F31AFC4F6B00313557 /* BookChain.app */,
				A502420C1AFC4F6B00313557 /* BookChainTests.xctest */,
			);
			name = Products;
			sourceTree = "<group>";
		};
		A50241F51AFC4F6B00313557 /* BookChain */ = {
			isa = PBXGroup;
			children = (
				A50241FA1AFC4F6B00313557 /* AppDelegate.h */,
				A50241FB1AFC4F6B00313557 /* AppDelegate.m */,
				A50241FD1AFC4F6B00313557 /* ViewController.h */,
				A50241FE1AFC4F6B00313557 /* ViewController.m */,
				A50242001AFC4F6B00313557 /* Main.storyboard */,
				A50242031AFC4F6B00313557 /* Images.xcassets */,
				A50242051AFC4F6B00313557 /* LaunchScreen.xib */,
				A50241F61AFC4F6B00313557 /* Supporting Files */,
			);
			path = BookChain;
			sourceTree = "<group>";
		};
		A50241F61AFC4F6B00313557 /* Supporting Files */ = {
			isa = PBXGroup;
			children = (
				A50241F71AFC4F6B00313557 /* Info.plist */,
				A50241F81AFC4F6B00313557 /* main.m */,
			);
			name = "Supporting Files";
			sourceTree = "<group>";
		};
		A502420F1AFC4F6B00313557 /* BookChainTests */ = {
			isa = PBXGroup;
			children = (
				A50242121AFC4F6B00313557 /* BookChainTests.m */,
				A50242101AFC4F6B00313557 /* Supporting Files */,
			);
			path = BookChainTests;
			sourceTree = "<group>";
		};
		A50242101AFC4F6B00313557 /* Supporting Files */ = {
			isa = PBXGroup;
			children = (
				A50242111AFC4F6B00313557 /* Info.plist */,
			);
			name = "Supporting Files";
			sourceTree = "<group>";
		};
/* End PBXGroup section */

/* Begin PBXNativeTarget section */
		A50241F21AFC4F6B00313557 /* BookChain */ = {
			isa = PBXNativeTarget;
			buildConfigurationList = A50242161AFC4F6B00313557 /* Build configuration list for PBXNativeTarget "BookChain" */;
			buildPhases = (
				A50241EF1AFC4F6B00313557 /* Sources */,
				A50241F01AFC4F6B00313557 /* Frameworks */,
				A50241F11AFC4F6B00313557 /* Resources */,
			);
			buildRules = (
			);
			dependencies = (
			);
			name = BookChain;
			productName = BookChain;
			productReference = A50241F31AFC4F6B00313557 /* BookChain.app */;
			productType = "com.apple.product-type.application";
		};
		A502420B1AFC4F6B00313557 /* BookChainTests */ = {
			isa = PBXNativeTarget;
			buildConfigurationList = A50242191AFC4F6B00313557 /* Build configuration list for PBXNativeTarget "BookChainTests" */;
			buildPhases = (
				A50242081AFC4F6B00313557 /* Sources */,
				A50242091AFC4F6B00313557 /* Frameworks */,
				A502420A1AFC4F6B00313557 /* Resources */,
			);
			buildRules = (
			);
			dependencies = (
				A502420E1AFC4F6B00313557 /* PBXTargetDependency */,
			);
			name = BookChainTests;
			productName = BookChainTests;
			productReference = A502420C1AFC4F6B00313557 /* BookChainTests.xctest */;
			productType = "com.apple.product-type.bundle.unit-test";
		};
/* End PBXNativeTarget section */

/* Begin PBXProject section */
		A50241EB1AFC4F6B00313557 /* Project object */ = {
			isa = PBXProject;
			attributes = {
				LastUpgradeCheck = 0630;
				ORGANIZATIONNAME = "Jaime López";
				TargetAttributes = {
					A50241F21AFC4F6B00313557 = {
						CreatedOnToolsVersion = 6.3.1;
					};
					A502420B1AFC4F6B00313557 = {
						CreatedOnToolsVersion = 6.3.1;
						TestTargetID = A50241F21AFC4F6B00313557;
					};
				};
			};
			buildConfigurationList = A50241EE1AFC4F6B00313557 /* Build configuration list for PBXProject "BookChain" */;
			compatibilityVersion = "Xcode 3.2";
			developmentRegion = English;
			hasScannedForEncodings = 0;
			knownRegions = (
				en,
				Base,
			);
			mainGroup = A50241EA1AFC4F6B00313557;
			productRefGroup = A50241F41AFC4F6B00313557 /* Products */;
			projectDirPath = "";
			projectRoot = "";
			targets = (
				A50241F21AFC4F6B00313557 /* BookChain */,
				A502420B1AFC4F6B00313557 /* BookChainTests */,
			);
		};
/* End PBXProject section */

/* Begin PBXResourcesBuildPhase section */
		A50241F11AFC4F6B00313557 /* Resources */ = {
			isa = PBXResourcesBuildPhase;
			buildActionMask = 2147483647;
			files = (
				A50242021AFC4F6B00313557 /* Main.storyboard in Resources */,
				A502421F1AFC52A500313557 /* LeonardosSketchBook.png in Resources */,
				A50242071AFC4F6B00313557 /* LaunchScreen.xib in Resources */,
				A50242211AFC537C00313557 /* flogin.png in Resources */,
				A50242041AFC4F6B00313557 /* Images.xcassets in Resources */,
			);
			runOnlyForDeploymentPostprocessing = 0;
		};
		A502420A1AFC4F6B00313557 /* Resources */ = {
			isa = PBXResourcesBuildPhase;
			buildActionMask = 2147483647;
			files = (
			);
			runOnlyForDeploymentPostprocessing = 0;
		};
/* End PBXResourcesBuildPhase section */

/* Begin PBXSourcesBuildPhase section */
		A50241EF1AFC4F6B00313557 /* Sources */ = {
			isa = PBXSourcesBuildPhase;
			buildActionMask = 2147483647;
			files = (
				A50241FF1AFC4F6B00313557 /* ViewController.m in Sources */,
				A50241FC1AFC4F6B00313557 /* AppDelegate.m in Sources */,
				A50241F91AFC4F6B00313557 /* main.m in Sources */,
			);
			runOnlyForDeploymentPostprocessing = 0;
		};
		A50242081AFC4F6B00313557 /* Sources */ = {
			isa = PBXSourcesBuildPhase;
			buildActionMask = 2147483647;
			files = (
				A50242131AFC4F6B00313557 /* BookChainTests.m in Sources */,
			);
			runOnlyForDeploymentPostprocessing = 0;
		};
/* End PBXSourcesBuildPhase section */

/* Begin PBXTargetDependency section */
		A502420E1AFC4F6B00313557 /* PBXTargetDependency */ = {
			isa = PBXTargetDependency;
			target = A50241F21AFC4F6B00313557 /* BookChain */;
			targetProxy = A502420D1AFC4F6B00313557 /* PBXContainerItemProxy */;
		};
/* End PBXTargetDependency section */

/* Begin PBXVariantGroup section */
		A50242001AFC4F6B00313557 /* Main.storyboard */ = {
			isa = PBXVariantGroup;
			children = (
				A50242011AFC4F6B00313557 /* Base */,
			);
			name = Main.storyboard;
			sourceTree = "<group>";
		};
		A50242051AFC4F6B00313557 /* LaunchScreen.xib */ = {
			isa = PBXVariantGroup;
			children = (
				A50242061AFC4F6B00313557 /* Base */,
			);
			name = LaunchScreen.xib;
			sourceTree = "<group>";
		};
/* End PBXVariantGroup section */

/* Begin XCBuildConfiguration section */
		A50242141AFC4F6B00313557 /* Debug */ = {
			isa = XCBuildConfiguration;
			buildSettings = {
				ALWAYS_SEARCH_USER_PATHS = NO;
				CLANG_CXX_LANGUAGE_STANDARD = "gnu++0x";
				CLANG_CXX_LIBRARY = "libc++";
				CLANG_ENABLE_MODULES = YES;
				CLANG_ENABLE_OBJC_ARC = YES;
				CLANG_WARN_BOOL_CONVERSION = YES;
				CLANG_WARN_CONSTANT_CONVERSION = YES;
				CLANG_WARN_DIRECT_OBJC_ISA_USAGE = YES_ERROR;
				CLANG_WARN_EMPTY_BODY = YES;
				CLANG_WARN_ENUM_CONVERSION = YES;
				CLANG_WARN_INT_CONVERSION = YES;
				CLANG_WARN_OBJC_ROOT_CLASS = YES_ERROR;
				CLANG_WARN_UNREACHABLE_CODE = YES;
				CLANG_WARN__DUPLICATE_METHOD_MATCH = YES;
				"CODE_SIGN_IDENTITY[sdk=iphoneos*]" = "iPhone Developer";
				COPY_PHASE_STRIP = NO;
				DEBUG_INFORMATION_FORMAT = "dwarf-with-dsym";
				ENABLE_STRICT_OBJC_MSGSEND = YES;
				GCC_C_LANGUAGE_STANDARD = gnu99;
				GCC_DYNAMIC_NO_PIC = NO;
				GCC_NO_COMMON_BLOCKS = YES;
				GCC_OPTIMIZATION_LEVEL = 0;
				GCC_PREPROCESSOR_DEFINITIONS = (
					"DEBUG=1",
					"$(inherited)",
				);
				GCC_SYMBOLS_PRIVATE_EXTERN = NO;
				GCC_WARN_64_TO_32_BIT_CONVERSION = YES;
				GCC_WARN_ABOUT_RETURN_TYPE = YES_ERROR;
				GCC_WARN_UNDECLARED_SELECTOR = YES;
				GCC_WARN_UNINITIALIZED_AUTOS = YES_AGGRESSIVE;
				GCC_WARN_UNUSED_FUNCTION = YES;
				GCC_WARN_UNUSED_VARIABLE = YES;
				IPHONEOS_DEPLOYMENT_TARGET = 8.3;
				MTL_ENABLE_DEBUG_INFO = YES;
				ONLY_ACTIVE_ARCH = YES;
				SDKROOT = iphoneos;
			};
			name = Debug;
		};
		A50242151AFC4F6B00313557 /* Release */ = {
			isa = XCBuildConfiguration;
			buildSettings = {
				ALWAYS_SEARCH_USER_PATHS = NO;
				CLANG_CXX_LANGUAGE_STANDARD = "gnu++0x";
				CLANG_CXX_LIBRARY = "libc++";
				CLANG_ENABLE_MODULES = YES;
				CLANG_ENABLE_OBJC_ARC = YES;
				CLANG_WARN_BOOL_CONVERSION = YES;
				CLANG_WARN_CONSTANT_CONVERSION = YES;
				CLANG_WARN_DIRECT_OBJC_ISA_USAGE = YES_ERROR;
				CLANG_WARN_EMPTY_BODY = YES;
				CLANG_WARN_ENUM_CONVERSION = YES;
				CLANG_WARN_INT_CONVERSION = YES;
				CLANG_WARN_OBJC_ROOT_CLASS = YES_ERROR;
				CLANG_WARN_UNREACHABLE_CODE = YES;
				CLANG_WARN__DUPLICATE_METHOD_MATCH = YES;
				"CODE_SIGN_IDENTITY[sdk=iphoneos*]" = "iPhone Developer";
				COPY_PHASE_STRIP = NO;
				DEBUG_INFORMATION_FORMAT = "dwarf-with-dsym";
				ENABLE_NS_ASSERTIONS = NO;
				ENABLE_STRICT_OBJC_MSGSEND = YES;
				GCC_C_LANGUAGE_STANDARD = gnu99;
				GCC_NO_COMMON_BLOCKS = YES;
				GCC_WARN_64_TO_32_BIT_CONVERSION = YES;
				GCC_WARN_ABOUT_RETURN_TYPE = YES_ERROR;
				GCC_WARN_UNDECLARED_SELECTOR = YES;
				GCC_WARN_UNINITIALIZED_AUTOS = YES_AGGRESSIVE;
				GCC_WARN_UNUSED_FUNCTION = YES;
				GCC_WARN_UNUSED_VARIABLE = YES;
				IPHONEOS_DEPLOYMENT_TARGET = 8.3;
				MTL_ENABLE_DEBUG_INFO = NO;
				SDKROOT = iphoneos;
				VALIDATE_PRODUCT = YES;
			};
			name = Release;
		};
		A50242171AFC4F6B00313557 /* Debug */ = {
			isa = XCBuildConfiguration;
			buildSettings = {
				ASSETCATALOG_COMPILER_APPICON_NAME = AppIcon;
				INFOPLIST_FILE = BookChain/Info.plist;
				LD_RUNPATH_SEARCH_PATHS = "$(inherited) @executable_path/Frameworks";
				PRODUCT_NAME = "$(TARGET_NAME)";
			};
			name = Debug;
		};
		A50242181AFC4F6B00313557 /* Release */ = {
			isa = XCBuildConfiguration;
			buildSettings = {
				ASSETCATALOG_COMPILER_APPICON_NAME = AppIcon;
				INFOPLIST_FILE = BookChain/Info.plist;
				LD_RUNPATH_SEARCH_PATHS = "$(inherited) @executable_path/Frameworks";
				PRODUCT_NAME = "$(TARGET_NAME)";
			};
			name = Release;
		};
		A502421A1AFC4F6B00313557 /* Debug */ = {
			isa = XCBuildConfiguration;
			buildSettings = {
				BUNDLE_LOADER = "$(TEST_HOST)";
				FRAMEWORK_SEARCH_PATHS = (
					"$(SDKROOT)/Developer/Library/Frameworks",
					"$(inherited)",
				);
				GCC_PREPROCESSOR_DEFINITIONS = (
					"DEBUG=1",
					"$(inherited)",
				);
				INFOPLIST_FILE = BookChainTests/Info.plist;
				LD_RUNPATH_SEARCH_PATHS = "$(inherited) @executable_path/Frameworks @loader_path/Frameworks";
				PRODUCT_NAME = "$(TARGET_NAME)";
				TEST_HOST = "$(BUILT_PRODUCTS_DIR)/BookChain.app/BookChain";
			};
			name = Debug;
		};
		A502421B1AFC4F6B00313557 /* Release */ = {
			isa = XCBuildConfiguration;
			buildSettings = {
				BUNDLE_LOADER = "$(TEST_HOST)";
				FRAMEWORK_SEARCH_PATHS = (
					"$(SDKROOT)/Developer/Library/Frameworks",
					"$(inherited)",
				);
				INFOPLIST_FILE = BookChainTests/Info.plist;
				LD_RUNPATH_SEARCH_PATHS = "$(inherited) @executable_path/Frameworks @loader_path/Frameworks";
				PRODUCT_NAME = "$(TARGET_NAME)";
				TEST_HOST = "$(BUILT_PRODUCTS_DIR)/BookChain.app/BookChain";
			};
			name = Release;
		};
/* End XCBuildConfiguration section */

/* Begin XCConfigurationList section */
		A50241EE1AFC4F6B00313557 /* Build configuration list for PBXProject "BookChain" */ = {
			isa = XCConfigurationList;
			buildConfigurations = (
				A50242141AFC4F6B00313557 /* Debug */,
				A50242151AFC4F6B00313557 /* Release */,
			);
			defaultConfigurationIsVisible = 0;
			defaultConfigurationName = Release;
		};
		A50242161AFC4F6B00313557 /* Build configuration list for PBXNativeTarget "BookChain" */ = {
			isa = XCConfigurationList;
			buildConfigurations = (
				A50242171AFC4F6B00313557 /* Debug */,
				A50242181AFC4F6B00313557 /* Release */,
			);
			defaultConfigurationIsVisible = 0;
		};
		A50242191AFC4F6B00313557 /* Build configuration list for PBXNativeTarget "BookChainTests" */ = {
			isa = XCConfigurationList;
			buildConfigurations = (
				A502421A1AFC4F6B00313557 /* Debug */,
				A502421B1AFC4F6B00313557 /* Release */,
			);
			defaultConfigurationIsVisible = 0;
		};
/* End XCConfigurationList section */
	};
	rootObject = A50241EB1AFC4F6B00313557 /* Project object */;
}
